<?xml version="1.0" encoding="utf-8"?>
<Project ToolsVersion="4.0" xmlns="http://schemas.microsoft.com/developer/msbuild/2003">
  <ItemGroup>
    <Filter Include="ソース ファイル">
      <UniqueIdentifier>{4FC737F1-C7A5-4376-A066-2A32D752A2FF}</UniqueIdentifier>
      <Extensions>cpp;c;cc;cxx;def;odl;idl;hpj;bat;asm;asmx</Extensions>
    </Filter>
    <Filter Include="ヘッダー ファイル">
      <UniqueIdentifier>{93995380-89BD-4b04-88EB-625FBE52EBFB}</UniqueIdentifier>
      <Extensions>h;hh;hpp;hxx;hm;inl;inc;ipp;xsd</Extensions>
    </Filter>
    <Filter Include="リソース ファイル">
      <UniqueIdentifier>{67DA6AB6-F800-4c08-8B7A-83BB121AAD01}</UniqueIdentifier>
      <Extensions>rc;ico;cur;bmp;dlg;rc2;rct;bin;rgs;gif;jpg;jpeg;jpe;resx;tiff;tif;png;wav;mfcribbon-ms</Extensions>
    </Filter>
    <Filter Include="gamelogic">
      <UniqueIdentifier>{c43305d8-caf6-4531-aba0-f5e499b55807}</UniqueIdentifier>
    </Filter>
  </ItemGroup>
  <ItemGroup>
    <ClInclude Include="Board.h">
      <Filter>ヘッダー ファイル</Filter>
    </ClInclude>
    <ClInclude Include="simulater\MeglimathCore\GameLogic\Action.h">
      <Filter>gamelogic</Filter>
    </ClInclude>
    <ClInclude Include="simulater\MeglimathCore\GameLogic\Agent.h">
      <Filter>gamelogic</Filter>
    </ClInclude>
    <ClInclude Include="simulater\MeglimathCore\GameLogic\Cell.h">
      <Filter>gamelogic</Filter>
    </ClInclude>
    <ClInclude Include="simulater\MeglimathCore\GameLogic\Field.h">
      <Filter>gamelogic</Filter>
    </ClInclude>
    <ClInclude Include="simulater\MeglimathCore\GameLogic\Format.h">
      <Filter>gamelogic</Filter>
    </ClInclude>
    <ClInclude Include="simulater\MeglimathCore\GameLogic\GameLogic.h">
      <Filter>gamelogic</Filter>
    </ClInclude>
    <ClInclude Include="simulater\MeglimathCore\GameLogic\GamePoints.h">
      <Filter>gamelogic</Filter>
    </ClInclude>
    <ClInclude Include="simulater\MeglimathCore\GameLogic\TeamLogic.h">
      <Filter>gamelogic</Filter>
    </ClInclude>
    <ClInclude Include="simulater\MeglimathCore\GameLogic\Think.h">
      <Filter>gamelogic</Filter>
    </ClInclude>
    <ClInclude Include="simulater\MeglimathCore\GameLogic\Transform.h">
      <Filter>gamelogic</Filter>
    </ClInclude>
    <ClInclude Include="simulater\MeglimathCore\GameLogic\Types.h">
      <Filter>gamelogic</Filter>
    </ClInclude>
    <ClInclude Include="simulater\MeglimathCore\GameLogic\Util.h">
      <Filter>gamelogic</Filter>
    </ClInclude>
    <ClInclude Include="deepcopy.h">
      <Filter>ヘッダー ファイル</Filter>
    </ClInclude>
  </ItemGroup>
  <ItemGroup>
    <ClCompile Include="Board.cpp">
      <Filter>ソース ファイル</Filter>
    </ClCompile>
    <ClCompile Include="Source.cpp">
      <Filter>ソース ファイル</Filter>
    </ClCompile>
    <ClCompile Include="test.cpp">
      <Filter>ソース ファイル</Filter>
    </ClCompile>
    <ClCompile Include="simulater\MeglimathCore\GameLogic\Agent.cpp">
      <Filter>gamelogic</Filter>
    </ClCompile>
    <ClCompile Include="simulater\MeglimathCore\GameLogic\Cell.cpp">
      <Filter>gamelogic</Filter>
    </ClCompile>
    <ClCompile Include="simulater\MeglimathCore\GameLogic\Field.cpp">
      <Filter>gamelogic</Filter>
    </ClCompile>
    <ClCompile Include="simulater\MeglimathCore\GameLogic\Format.cpp">
      <Filter>gamelogic</Filter>
    </ClCompile>
    <ClCompile Include="simulater\MeglimathCore\GameLogic\GameLogic.cpp">
      <Filter>gamelogic</Filter>
    </ClCompile>
    <ClCompile Include="simulater\MeglimathCore\GameLogic\GamePoints.cpp">
      <Filter>gamelogic</Filter>
    </ClCompile>
    <ClCompile Include="simulater\MeglimathCore\GameLogic\TeamLogic.cpp">
      <Filter>gamelogic</Filter>
    </ClCompile>
    <ClCompile Include="simulater\MeglimathCore\GameLogic\Think.cpp">
      <Filter>gamelogic</Filter>
    </ClCompile>
    <ClCompile Include="simulater\MeglimathCore\GameLogic\Transform.cpp">
      <Filter>gamelogic</Filter>
    </ClCompile>
  </ItemGroup>
</Project>